
Microsoft Visual Studio Solution File, Format Version 12.00
# Visual Studio Version 17
VisualStudioVersion = 17.1.32319.34
MinimumVisualStudioVersion = 10.0.40219.1
Project("{9A19103F-16F7-4668-BE54-9A1E7A4F7556}") = "Clase1PrimerProyecto", "Clase1PrimerProyecto\Clase1PrimerProyecto.csproj", "{B7CAC41D-FB77-4BEE-ACBD-6C316045F3AA}"
EndProject
Project("{9A19103F-16F7-4668-BE54-9A1E7A4F7556}") = "MiBibliotecaDeCalses", "MiBibliotecaDeCalses\MiBibliotecaDeCalses.csproj", "{B5836A8D-75E3-4A01-8097-57626B75B166}"
EndProject
Project("{9A19103F-16F7-4668-BE54-9A1E7A4F7556}") = "Ejercicio2", "Ejercicio2\Ejercicio2.csproj", "{A29F3E23-DD11-4D97-B7A0-0CC24D3BABA6}"
EndProject
Project("{9A19103F-16F7-4668-BE54-9A1E7A4F7556}") = "Ejercicio3", "Ejercicio3\Ejercicio3.csproj", "{A1534CF0-ED03-41EE-98DF-281CE7978CAE}"
EndProject
Project("{FAE04EC0-301F-11D3-BF4B-00C04F79EFBC}") = "Ejercicio 4", "Ejercicio 4\Ejercicio 4.csproj", "{BC90FF04-88A6-4EDE-9901-BE99DDB27B05}"
EndProject
Global
	GlobalSection(SolutionConfigurationPlatforms) = preSolution
		Debug|Any CPU = Debug|Any CPU
		Release|Any CPU = Release|Any CPU
	EndGlobalSection
	GlobalSection(ProjectConfigurationPlatforms) = postSolution
		{B7CAC41D-FB77-4BEE-ACBD-6C316045F3AA}.Debug|Any CPU.ActiveCfg = Debug|Any CPU
		{B7CAC41D-FB77-4BEE-ACBD-6C316045F3AA}.Debug|Any CPU.Build.0 = Debug|Any CPU
		{B7CAC41D-FB77-4BEE-ACBD-6C316045F3AA}.Release|Any CPU.ActiveCfg = Release|Any CPU
		{B7CAC41D-FB77-4BEE-ACBD-6C316045F3AA}.Release|Any CPU.Build.0 = Release|Any CPU
		{B5836A8D-75E3-4A01-8097-57626B75B166}.Debug|Any CPU.ActiveCfg = Debug|Any CPU
		{B5836A8D-75E3-4A01-8097-57626B75B166}.Debug|Any CPU.Build.0 = Debug|Any CPU
		{B5836A8D-75E3-4A01-8097-57626B75B166}.Release|Any CPU.ActiveCfg = Release|Any CPU
		{B5836A8D-75E3-4A01-8097-57626B75B166}.Release|Any CPU.Build.0 = Release|Any CPU
		{A29F3E23-DD11-4D97-B7A0-0CC24D3BABA6}.Debug|Any CPU.ActiveCfg = Debug|Any CPU
		{A29F3E23-DD11-4D97-B7A0-0CC24D3BABA6}.Debug|Any CPU.Build.0 = Debug|Any CPU
		{A29F3E23-DD11-4D97-B7A0-0CC24D3BABA6}.Release|Any CPU.ActiveCfg = Release|Any CPU
		{A29F3E23-DD11-4D97-B7A0-0CC24D3BABA6}.Release|Any CPU.Build.0 = Release|Any CPU
		{A1534CF0-ED03-41EE-98DF-281CE7978CAE}.Debug|Any CPU.ActiveCfg = Debug|Any CPU
		{A1534CF0-ED03-41EE-98DF-281CE7978CAE}.Debug|Any CPU.Build.0 = Debug|Any CPU
		{A1534CF0-ED03-41EE-98DF-281CE7978CAE}.Release|Any CPU.ActiveCfg = Release|Any CPU
		{A1534CF0-ED03-41EE-98DF-281CE7978CAE}.Release|Any CPU.Build.0 = Release|Any CPU
		{BC90FF04-88A6-4EDE-9901-BE99DDB27B05}.Debug|Any CPU.ActiveCfg = Debug|Any CPU
		{BC90FF04-88A6-4EDE-9901-BE99DDB27B05}.Debug|Any CPU.Build.0 = Debug|Any CPU
		{BC90FF04-88A6-4EDE-9901-BE99DDB27B05}.Release|Any CPU.ActiveCfg = Release|Any CPU
		{BC90FF04-88A6-4EDE-9901-BE99DDB27B05}.Release|Any CPU.Build.0 = Release|Any CPU
	EndGlobalSection
	GlobalSection(SolutionProperties) = preSolution
		HideSolutionNode = FALSE
	EndGlobalSection
	GlobalSection(ExtensibilityGlobals) = postSolution
		SolutionGuid = {4252A20B-089C-4A9E-B093-33AAB9225877}
	EndGlobalSection
EndGlobal
