
Microsoft Visual Studio Solution File, Format Version 12.00
# Visual Studio Version 17
VisualStudioVersion = 17.2.32602.215
MinimumVisualStudioVersion = 10.0.40219.1
Project("{9A19103F-16F7-4668-BE54-9A1E7A4F7556}") = "Clase17SQL", "Clase17SQL\Clase17SQL.csproj", "{AA22138E-A35F-4418-97C8-556EAD938741}"
EndProject
Project("{9A19103F-16F7-4668-BE54-9A1E7A4F7556}") = "Biblioteca", "Biblioteca\Biblioteca.csproj", "{742F1985-E85D-443C-82EA-A76BDE3069B4}"
EndProject
Project("{FAE04EC0-301F-11D3-BF4B-00C04F79EFBC}") = "WinFormsApp1", "WinFormsApp1\WinFormsApp1.csproj", "{764362A4-5DB9-48D0-BBD5-D99E7DBF698F}"
EndProject
Global
	GlobalSection(SolutionConfigurationPlatforms) = preSolution
		Debug|Any CPU = Debug|Any CPU
		Release|Any CPU = Release|Any CPU
	EndGlobalSection
	GlobalSection(ProjectConfigurationPlatforms) = postSolution
		{AA22138E-A35F-4418-97C8-556EAD938741}.Debug|Any CPU.ActiveCfg = Debug|Any CPU
		{AA22138E-A35F-4418-97C8-556EAD938741}.Debug|Any CPU.Build.0 = Debug|Any CPU
		{AA22138E-A35F-4418-97C8-556EAD938741}.Release|Any CPU.ActiveCfg = Release|Any CPU
		{AA22138E-A35F-4418-97C8-556EAD938741}.Release|Any CPU.Build.0 = Release|Any CPU
		{742F1985-E85D-443C-82EA-A76BDE3069B4}.Debug|Any CPU.ActiveCfg = Debug|Any CPU
		{742F1985-E85D-443C-82EA-A76BDE3069B4}.Debug|Any CPU.Build.0 = Debug|Any CPU
		{742F1985-E85D-443C-82EA-A76BDE3069B4}.Release|Any CPU.ActiveCfg = Release|Any CPU
		{742F1985-E85D-443C-82EA-A76BDE3069B4}.Release|Any CPU.Build.0 = Release|Any CPU
		{764362A4-5DB9-48D0-BBD5-D99E7DBF698F}.Debug|Any CPU.ActiveCfg = Debug|Any CPU
		{764362A4-5DB9-48D0-BBD5-D99E7DBF698F}.Debug|Any CPU.Build.0 = Debug|Any CPU
		{764362A4-5DB9-48D0-BBD5-D99E7DBF698F}.Release|Any CPU.ActiveCfg = Release|Any CPU
		{764362A4-5DB9-48D0-BBD5-D99E7DBF698F}.Release|Any CPU.Build.0 = Release|Any CPU
	EndGlobalSection
	GlobalSection(SolutionProperties) = preSolution
		HideSolutionNode = FALSE
	EndGlobalSection
	GlobalSection(ExtensibilityGlobals) = postSolution
		SolutionGuid = {2A714C33-ED7A-4145-9A9F-DFB821B811B5}
	EndGlobalSection
EndGlobal
