
Microsoft Visual Studio Solution File, Format Version 12.00
# Visual Studio Version 17
VisualStudioVersion = 17.2.32602.215
MinimumVisualStudioVersion = 10.0.40219.1
Project("{FAE04EC0-301F-11D3-BF4B-00C04F79EFBC}") = "Clase13Interfaces", "Clase13Interfaces\Clase13Interfaces.csproj", "{138FCD2A-3CBF-488B-B305-BDDCDC9CAECF}"
EndProject
Project("{FAE04EC0-301F-11D3-BF4B-00C04F79EFBC}") = "Biblioteca", "Biblioteca\Biblioteca.csproj", "{A44069C8-0954-4D74-8B61-B938872F1D40}"
EndProject
Global
	GlobalSection(SolutionConfigurationPlatforms) = preSolution
		Debug|Any CPU = Debug|Any CPU
		Release|Any CPU = Release|Any CPU
	EndGlobalSection
	GlobalSection(ProjectConfigurationPlatforms) = postSolution
		{138FCD2A-3CBF-488B-B305-BDDCDC9CAECF}.Debug|Any CPU.ActiveCfg = Debug|Any CPU
		{138FCD2A-3CBF-488B-B305-BDDCDC9CAECF}.Debug|Any CPU.Build.0 = Debug|Any CPU
		{138FCD2A-3CBF-488B-B305-BDDCDC9CAECF}.Release|Any CPU.ActiveCfg = Release|Any CPU
		{138FCD2A-3CBF-488B-B305-BDDCDC9CAECF}.Release|Any CPU.Build.0 = Release|Any CPU
		{A44069C8-0954-4D74-8B61-B938872F1D40}.Debug|Any CPU.ActiveCfg = Debug|Any CPU
		{A44069C8-0954-4D74-8B61-B938872F1D40}.Debug|Any CPU.Build.0 = Debug|Any CPU
		{A44069C8-0954-4D74-8B61-B938872F1D40}.Release|Any CPU.ActiveCfg = Release|Any CPU
		{A44069C8-0954-4D74-8B61-B938872F1D40}.Release|Any CPU.Build.0 = Release|Any CPU
	EndGlobalSection
	GlobalSection(SolutionProperties) = preSolution
		HideSolutionNode = FALSE
	EndGlobalSection
	GlobalSection(ExtensibilityGlobals) = postSolution
		SolutionGuid = {926259FA-9BD9-4DDF-B4BE-303AF054A04F}
	EndGlobalSection
EndGlobal
