
Microsoft Visual Studio Solution File, Format Version 12.00
# Visual Studio Version 17
VisualStudioVersion = 17.3.32929.385
MinimumVisualStudioVersion = 10.0.40219.1
Project("{FAE04EC0-301F-11D3-BF4B-00C04F79EFBC}") = "Eventos", "Eventos\Eventos.csproj", "{B5F68D6E-302A-4A76-998D-8E015F25C979}"
EndProject
Project("{FAE04EC0-301F-11D3-BF4B-00C04F79EFBC}") = "Biblioteca", "Biblioteca\Biblioteca.csproj", "{0D84BB77-602A-4D90-AA20-E1093D9D4FB8}"
EndProject
Project("{FAE04EC0-301F-11D3-BF4B-00C04F79EFBC}") = "WinFormsApp1", "WinFormsApp1\WinFormsApp1.csproj", "{033C9751-2D8F-48CA-AFFD-6DDD0847CCE2}"
EndProject
Global
	GlobalSection(SolutionConfigurationPlatforms) = preSolution
		Debug|Any CPU = Debug|Any CPU
		Release|Any CPU = Release|Any CPU
	EndGlobalSection
	GlobalSection(ProjectConfigurationPlatforms) = postSolution
		{B5F68D6E-302A-4A76-998D-8E015F25C979}.Debug|Any CPU.ActiveCfg = Debug|Any CPU
		{B5F68D6E-302A-4A76-998D-8E015F25C979}.Debug|Any CPU.Build.0 = Debug|Any CPU
		{B5F68D6E-302A-4A76-998D-8E015F25C979}.Release|Any CPU.ActiveCfg = Release|Any CPU
		{B5F68D6E-302A-4A76-998D-8E015F25C979}.Release|Any CPU.Build.0 = Release|Any CPU
		{0D84BB77-602A-4D90-AA20-E1093D9D4FB8}.Debug|Any CPU.ActiveCfg = Debug|Any CPU
		{0D84BB77-602A-4D90-AA20-E1093D9D4FB8}.Debug|Any CPU.Build.0 = Debug|Any CPU
		{0D84BB77-602A-4D90-AA20-E1093D9D4FB8}.Release|Any CPU.ActiveCfg = Release|Any CPU
		{0D84BB77-602A-4D90-AA20-E1093D9D4FB8}.Release|Any CPU.Build.0 = Release|Any CPU
		{033C9751-2D8F-48CA-AFFD-6DDD0847CCE2}.Debug|Any CPU.ActiveCfg = Debug|Any CPU
		{033C9751-2D8F-48CA-AFFD-6DDD0847CCE2}.Debug|Any CPU.Build.0 = Debug|Any CPU
		{033C9751-2D8F-48CA-AFFD-6DDD0847CCE2}.Release|Any CPU.ActiveCfg = Release|Any CPU
		{033C9751-2D8F-48CA-AFFD-6DDD0847CCE2}.Release|Any CPU.Build.0 = Release|Any CPU
	EndGlobalSection
	GlobalSection(SolutionProperties) = preSolution
		HideSolutionNode = FALSE
	EndGlobalSection
	GlobalSection(ExtensibilityGlobals) = postSolution
		SolutionGuid = {0D096FA2-A54F-461C-9612-C30FFB57C435}
	EndGlobalSection
EndGlobal
